
Microsoft Visual Studio Solution File, Format Version 12.00
# Visual Studio Version 16
VisualStudioVersion = 16.0.30309.148
MinimumVisualStudioVersion = 10.0.40219.1
Project("{FAE04EC0-301F-11D3-BF4B-00C04F79EFBC}") = "Northwind.Shared", "Northwind.Shared\Northwind.Shared.csproj", "{44922888-26C2-4657-A7F1-2CE12E1A4B2D}"
EndProject
Project("{FAE04EC0-301F-11D3-BF4B-00C04F79EFBC}") = "Northwind.DLL", "Northwind.DLL\Northwind.DLL.csproj", "{F70A313B-15DF-4FDF-BE95-DDCE78CFB935}"
EndProject
Global
	GlobalSection(SolutionConfigurationPlatforms) = preSolution
		Debug|Any CPU = Debug|Any CPU
		Release|Any CPU = Release|Any CPU
	EndGlobalSection
	GlobalSection(ProjectConfigurationPlatforms) = postSolution
		{44922888-26C2-4657-A7F1-2CE12E1A4B2D}.Debug|Any CPU.ActiveCfg = Debug|Any CPU
		{44922888-26C2-4657-A7F1-2CE12E1A4B2D}.Debug|Any CPU.Build.0 = Debug|Any CPU
		{44922888-26C2-4657-A7F1-2CE12E1A4B2D}.Release|Any CPU.ActiveCfg = Release|Any CPU
		{44922888-26C2-4657-A7F1-2CE12E1A4B2D}.Release|Any CPU.Build.0 = Release|Any CPU
		{F70A313B-15DF-4FDF-BE95-DDCE78CFB935}.Debug|Any CPU.ActiveCfg = Debug|Any CPU
		{F70A313B-15DF-4FDF-BE95-DDCE78CFB935}.Debug|Any CPU.Build.0 = Debug|Any CPU
		{F70A313B-15DF-4FDF-BE95-DDCE78CFB935}.Release|Any CPU.ActiveCfg = Release|Any CPU
		{F70A313B-15DF-4FDF-BE95-DDCE78CFB935}.Release|Any CPU.Build.0 = Release|Any CPU
	EndGlobalSection
	GlobalSection(SolutionProperties) = preSolution
		HideSolutionNode = FALSE
	EndGlobalSection
	GlobalSection(ExtensibilityGlobals) = postSolution
		SolutionGuid = {F8CA8BF5-8D50-44B7-8733-A885F85676E0}
	EndGlobalSection
EndGlobal
